// !$*UTF8*$!
{
	archiveVersion = 1;
	classes = {
	};
	objectVersion = 56;
	objects = {

/* Begin PBXBuildFile section */
		FAF172962C4E1121009CD7F9 /* ResizableTextView_SwiftUIApp.swift in Sources */ = {isa = PBXBuildFile; fileRef = FAF172952C4E1121009CD7F9 /* ResizableTextView_SwiftUIApp.swift */; };
		FAF172982C4E1121009CD7F9 /* ContentView.swift in Sources */ = {isa = PBXBuildFile; fileRef = FAF172972C4E1121009CD7F9 /* ContentView.swift */; };
		FAF1729A2C4E1123009CD7F9 /* Assets.xcassets in Resources */ = {isa = PBXBuildFile; fileRef = FAF172992C4E1123009CD7F9 /* Assets.xcassets */; };
		FAF1729D2C4E1123009CD7F9 /* Preview Assets.xcassets in Resources */ = {isa = PBXBuildFile; fileRef = FAF1729C2C4E1123009CD7F9 /* Preview Assets.xcassets */; };
		FAF172A72C4E1123009CD7F9 /* Sample_CommentTests.swift in Sources */ = {isa = PBXBuildFile; fileRef = FAF172A62C4E1123009CD7F9 /* Sample_CommentTests.swift */; };
		FAF172B12C4E1124009CD7F9 /* ResizableTextView_SwiftUITests.swift in Sources */ = {isa = PBXBuildFile; fileRef = FAF172B02C4E1124009CD7F9 /* ResizableTextView_SwiftUITests.swift */; };
		FAF172B32C4E1124009CD7F9 /* ResizableTextView_SwiftUITestsLaunchTests.swift in Sources */ = {isa = PBXBuildFile; fileRef = FAF172B22C4E1124009CD7F9 /* ResizableTextView_SwiftUITestsLaunchTests.swift */; };
/* End PBXBuildFile section */

/* Begin PBXContainerItemProxy section */
		FAF172A32C4E1123009CD7F9 /* PBXContainerItemProxy */ = {
			isa = PBXContainerItemProxy;
			containerPortal = FAF1728A2C4E1121009CD7F9 /* Project object */;
			proxyType = 1;
			remoteGlobalIDString = FAF172912C4E1121009CD7F9;
			remoteInfo = Sample_Comment;
		};
		FAF172AD2C4E1124009CD7F9 /* PBXContainerItemProxy */ = {
			isa = PBXContainerItemProxy;
			containerPortal = FAF1728A2C4E1121009CD7F9 /* Project object */;
			proxyType = 1;
			remoteGlobalIDString = FAF172912C4E1121009CD7F9;
			remoteInfo = Sample_Comment;
		};
/* End PBXContainerItemProxy section */

/* Begin PBXFileReference section */
		FAF172922C4E1121009CD7F9 /* resizableTextView-SwiftUI.app */ = {isa = PBXFileReference; explicitFileType = wrapper.application; includeInIndex = 0; path = "resizableTextView-SwiftUI.app"; sourceTree = BUILT_PRODUCTS_DIR; };
		FAF172952C4E1121009CD7F9 /* ResizableTextView_SwiftUIApp.swift */ = {isa = PBXFileReference; lastKnownFileType = sourcecode.swift; path = ResizableTextView_SwiftUIApp.swift; sourceTree = "<group>"; };
		FAF172972C4E1121009CD7F9 /* ContentView.swift */ = {isa = PBXFileReference; lastKnownFileType = sourcecode.swift; path = ContentView.swift; sourceTree = "<group>"; };
		FAF172992C4E1123009CD7F9 /* Assets.xcassets */ = {isa = PBXFileReference; lastKnownFileType = folder.assetcatalog; path = Assets.xcassets; sourceTree = "<group>"; };
		FAF1729C2C4E1123009CD7F9 /* Preview Assets.xcassets */ = {isa = PBXFileReference; lastKnownFileType = folder.assetcatalog; path = "Preview Assets.xcassets"; sourceTree = "<group>"; };
		FAF172A22C4E1123009CD7F9 /* resizableTextView-SwiftUITests.xctest */ = {isa = PBXFileReference; explicitFileType = wrapper.cfbundle; includeInIndex = 0; path = "resizableTextView-SwiftUITests.xctest"; sourceTree = BUILT_PRODUCTS_DIR; };
		FAF172A62C4E1123009CD7F9 /* Sample_CommentTests.swift */ = {isa = PBXFileReference; lastKnownFileType = sourcecode.swift; path = Sample_CommentTests.swift; sourceTree = "<group>"; };
		FAF172AC2C4E1124009CD7F9 /* resizableTextView-SwiftUIUITests.xctest */ = {isa = PBXFileReference; explicitFileType = wrapper.cfbundle; includeInIndex = 0; path = "resizableTextView-SwiftUIUITests.xctest"; sourceTree = BUILT_PRODUCTS_DIR; };
		FAF172B02C4E1124009CD7F9 /* ResizableTextView_SwiftUITests.swift */ = {isa = PBXFileReference; lastKnownFileType = sourcecode.swift; path = ResizableTextView_SwiftUITests.swift; sourceTree = "<group>"; };
		FAF172B22C4E1124009CD7F9 /* ResizableTextView_SwiftUITestsLaunchTests.swift */ = {isa = PBXFileReference; lastKnownFileType = sourcecode.swift; path = ResizableTextView_SwiftUITestsLaunchTests.swift; sourceTree = "<group>"; };
/* End PBXFileReference section */

/* Begin PBXFrameworksBuildPhase section */
		FAF1728F2C4E1121009CD7F9 /* Frameworks */ = {
			isa = PBXFrameworksBuildPhase;
			buildActionMask = 2147483647;
			files = (
			);
			runOnlyForDeploymentPostprocessing = 0;
		};
		FAF1729F2C4E1123009CD7F9 /* Frameworks */ = {
			isa = PBXFrameworksBuildPhase;
			buildActionMask = 2147483647;
			files = (
			);
			runOnlyForDeploymentPostprocessing = 0;
		};
		FAF172A92C4E1124009CD7F9 /* Frameworks */ = {
			isa = PBXFrameworksBuildPhase;
			buildActionMask = 2147483647;
			files = (
			);
			runOnlyForDeploymentPostprocessing = 0;
		};
/* End PBXFrameworksBuildPhase section */

/* Begin PBXGroup section */
		FAF172892C4E1121009CD7F9 = {
			isa = PBXGroup;
			children = (
				FAF172942C4E1121009CD7F9 /* resizableTextView-SwiftUI */,
				FAF172A52C4E1123009CD7F9 /* ResizableTextView_SwiftUITests */,
				FAF172AF2C4E1124009CD7F9 /* ResizableTextView_SwiftUIUITests */,
				FAF172932C4E1121009CD7F9 /* Products */,
			);
			sourceTree = "<group>";
		};
		FAF172932C4E1121009CD7F9 /* Products */ = {
			isa = PBXGroup;
			children = (
				FAF172922C4E1121009CD7F9 /* resizableTextView-SwiftUI.app */,
				FAF172A22C4E1123009CD7F9 /* resizableTextView-SwiftUITests.xctest */,
				FAF172AC2C4E1124009CD7F9 /* resizableTextView-SwiftUIUITests.xctest */,
			);
			name = Products;
			sourceTree = "<group>";
		};
		FAF172942C4E1121009CD7F9 /* resizableTextView-SwiftUI */ = {
			isa = PBXGroup;
			children = (
				FAF172952C4E1121009CD7F9 /* ResizableTextView_SwiftUIApp.swift */,
				FAF172972C4E1121009CD7F9 /* ContentView.swift */,
				FAF172992C4E1123009CD7F9 /* Assets.xcassets */,
				FAF1729B2C4E1123009CD7F9 /* Preview Content */,
			);
			path = "resizableTextView-SwiftUI";
			sourceTree = "<group>";
		};
		FAF1729B2C4E1123009CD7F9 /* Preview Content */ = {
			isa = PBXGroup;
			children = (
				FAF1729C2C4E1123009CD7F9 /* Preview Assets.xcassets */,
			);
			path = "Preview Content";
			sourceTree = "<group>";
		};
		FAF172A52C4E1123009CD7F9 /* ResizableTextView_SwiftUITests */ = {
			isa = PBXGroup;
			children = (
				FAF172A62C4E1123009CD7F9 /* Sample_CommentTests.swift */,
			);
			path = ResizableTextView_SwiftUITests;
			sourceTree = "<group>";
		};
		FAF172AF2C4E1124009CD7F9 /* ResizableTextView_SwiftUIUITests */ = {
			isa = PBXGroup;
			children = (
				FAF172B02C4E1124009CD7F9 /* ResizableTextView_SwiftUITests.swift */,
				FAF172B22C4E1124009CD7F9 /* ResizableTextView_SwiftUITestsLaunchTests.swift */,
			);
			path = ResizableTextView_SwiftUIUITests;
			sourceTree = "<group>";
		};
/* End PBXGroup section */

/* Begin PBXNativeTarget section */
		FAF172912C4E1121009CD7F9 /* resizableTextView-SwiftUI */ = {
			isa = PBXNativeTarget;
			buildConfigurationList = FAF172B62C4E1124009CD7F9 /* Build configuration list for PBXNativeTarget "resizableTextView-SwiftUI" */;
			buildPhases = (
				FAF1728E2C4E1121009CD7F9 /* Sources */,
				FAF1728F2C4E1121009CD7F9 /* Frameworks */,
				FAF172902C4E1121009CD7F9 /* Resources */,
			);
			buildRules = (
			);
			dependencies = (
			);
			name = "resizableTextView-SwiftUI";
			productName = Sample_Comment;
			productReference = FAF172922C4E1121009CD7F9 /* resizableTextView-SwiftUI.app */;
			productType = "com.apple.product-type.application";
		};
		FAF172A12C4E1123009CD7F9 /* resizableTextView-SwiftUITests */ = {
			isa = PBXNativeTarget;
			buildConfigurationList = FAF172B92C4E1124009CD7F9 /* Build configuration list for PBXNativeTarget "resizableTextView-SwiftUITests" */;
			buildPhases = (
				FAF1729E2C4E1123009CD7F9 /* Sources */,
				FAF1729F2C4E1123009CD7F9 /* Frameworks */,
				FAF172A02C4E1123009CD7F9 /* Resources */,
			);
			buildRules = (
			);
			dependencies = (
				FAF172A42C4E1123009CD7F9 /* PBXTargetDependency */,
			);
			name = "resizableTextView-SwiftUITests";
			productName = Sample_CommentTests;
			productReference = FAF172A22C4E1123009CD7F9 /* resizableTextView-SwiftUITests.xctest */;
			productType = "com.apple.product-type.bundle.unit-test";
		};
		FAF172AB2C4E1124009CD7F9 /* resizableTextView-SwiftUIUITests */ = {
			isa = PBXNativeTarget;
			buildConfigurationList = FAF172BC2C4E1124009CD7F9 /* Build configuration list for PBXNativeTarget "resizableTextView-SwiftUIUITests" */;
			buildPhases = (
				FAF172A82C4E1124009CD7F9 /* Sources */,
				FAF172A92C4E1124009CD7F9 /* Frameworks */,
				FAF172AA2C4E1124009CD7F9 /* Resources */,
			);
			buildRules = (
			);
			dependencies = (
				FAF172AE2C4E1124009CD7F9 /* PBXTargetDependency */,
			);
			name = "resizableTextView-SwiftUIUITests";
			productName = Sample_CommentUITests;
			productReference = FAF172AC2C4E1124009CD7F9 /* resizableTextView-SwiftUIUITests.xctest */;
			productType = "com.apple.product-type.bundle.ui-testing";
		};
/* End PBXNativeTarget section */

/* Begin PBXProject section */
		FAF1728A2C4E1121009CD7F9 /* Project object */ = {
			isa = PBXProject;
			attributes = {
				BuildIndependentTargetsInParallel = 1;
				LastSwiftUpdateCheck = 1500;
				LastUpgradeCheck = 1500;
				TargetAttributes = {
					FAF172912C4E1121009CD7F9 = {
						CreatedOnToolsVersion = 15.0;
					};
					FAF172A12C4E1123009CD7F9 = {
						CreatedOnToolsVersion = 15.0;
						TestTargetID = FAF172912C4E1121009CD7F9;
					};
					FAF172AB2C4E1124009CD7F9 = {
						CreatedOnToolsVersion = 15.0;
						TestTargetID = FAF172912C4E1121009CD7F9;
					};
				};
			};
			buildConfigurationList = FAF1728D2C4E1121009CD7F9 /* Build configuration list for PBXProject "resizableTextView-SwiftUI" */;
			compatibilityVersion = "Xcode 14.0";
			developmentRegion = en;
			hasScannedForEncodings = 0;
			knownRegions = (
				en,
				Base,
			);
			mainGroup = FAF172892C4E1121009CD7F9;
			productRefGroup = FAF172932C4E1121009CD7F9 /* Products */;
			projectDirPath = "";
			projectRoot = "";
			targets = (
				FAF172912C4E1121009CD7F9 /* resizableTextView-SwiftUI */,
				FAF172A12C4E1123009CD7F9 /* resizableTextView-SwiftUITests */,
				FAF172AB2C4E1124009CD7F9 /* resizableTextView-SwiftUIUITests */,
			);
		};
/* End PBXProject section */

/* Begin PBXResourcesBuildPhase section */
		FAF172902C4E1121009CD7F9 /* Resources */ = {
			isa = PBXResourcesBuildPhase;
			buildActionMask = 2147483647;
			files = (
				FAF1729D2C4E1123009CD7F9 /* Preview Assets.xcassets in Resources */,
				FAF1729A2C4E1123009CD7F9 /* Assets.xcassets in Resources */,
			);
			runOnlyForDeploymentPostprocessing = 0;
		};
		FAF172A02C4E1123009CD7F9 /* Resources */ = {
			isa = PBXResourcesBuildPhase;
			buildActionMask = 2147483647;
			files = (
			);
			runOnlyForDeploymentPostprocessing = 0;
		};
		FAF172AA2C4E1124009CD7F9 /* Resources */ = {
			isa = PBXResourcesBuildPhase;
			buildActionMask = 2147483647;
			files = (
			);
			runOnlyForDeploymentPostprocessing = 0;
		};
/* End PBXResourcesBuildPhase section */

/* Begin PBXSourcesBuildPhase section */
		FAF1728E2C4E1121009CD7F9 /* Sources */ = {
			isa = PBXSourcesBuildPhase;
			buildActionMask = 2147483647;
			files = (
				FAF172982C4E1121009CD7F9 /* ContentView.swift in Sources */,
				FAF172962C4E1121009CD7F9 /* ResizableTextView_SwiftUIApp.swift in Sources */,
			);
			runOnlyForDeploymentPostprocessing = 0;
		};
		FAF1729E2C4E1123009CD7F9 /* Sources */ = {
			isa = PBXSourcesBuildPhase;
			buildActionMask = 2147483647;
			files = (
				FAF172A72C4E1123009CD7F9 /* Sample_CommentTests.swift in Sources */,
			);
			runOnlyForDeploymentPostprocessing = 0;
		};
		FAF172A82C4E1124009CD7F9 /* Sources */ = {
			isa = PBXSourcesBuildPhase;
			buildActionMask = 2147483647;
			files = (
				FAF172B32C4E1124009CD7F9 /* ResizableTextView_SwiftUITestsLaunchTests.swift in Sources */,
				FAF172B12C4E1124009CD7F9 /* ResizableTextView_SwiftUITests.swift in Sources */,
			);
			runOnlyForDeploymentPostprocessing = 0;
		};
/* End PBXSourcesBuildPhase section */

/* Begin PBXTargetDependency section */
		FAF172A42C4E1123009CD7F9 /* PBXTargetDependency */ = {
			isa = PBXTargetDependency;
			target = FAF172912C4E1121009CD7F9 /* resizableTextView-SwiftUI */;
			targetProxy = FAF172A32C4E1123009CD7F9 /* PBXContainerItemProxy */;
		};
		FAF172AE2C4E1124009CD7F9 /* PBXTargetDependency */ = {
			isa = PBXTargetDependency;
			target = FAF172912C4E1121009CD7F9 /* resizableTextView-SwiftUI */;
			targetProxy = FAF172AD2C4E1124009CD7F9 /* PBXContainerItemProxy */;
		};
/* End PBXTargetDependency section */

/* Begin XCBuildConfiguration section */
		FAF172B42C4E1124009CD7F9 /* Debug */ = {
			isa = XCBuildConfiguration;
			buildSettings = {
				ALWAYS_SEARCH_USER_PATHS = NO;
				ASSETCATALOG_COMPILER_GENERATE_SWIFT_ASSET_SYMBOL_EXTENSIONS = YES;
				CLANG_ANALYZER_NONNULL = YES;
				CLANG_ANALYZER_NUMBER_OBJECT_CONVERSION = YES_AGGRESSIVE;
				CLANG_CXX_LANGUAGE_STANDARD = "gnu++20";
				CLANG_ENABLE_MODULES = YES;
				CLANG_ENABLE_OBJC_ARC = YES;
				CLANG_ENABLE_OBJC_WEAK = YES;
				CLANG_WARN_BLOCK_CAPTURE_AUTORELEASING = YES;
				CLANG_WARN_BOOL_CONVERSION = YES;
				CLANG_WARN_COMMA = YES;
				CLANG_WARN_CONSTANT_CONVERSION = YES;
				CLANG_WARN_DEPRECATED_OBJC_IMPLEMENTATIONS = YES;
				CLANG_WARN_DIRECT_OBJC_ISA_USAGE = YES_ERROR;
				CLANG_WARN_DOCUMENTATION_COMMENTS = YES;
				CLANG_WARN_EMPTY_BODY = YES;
				CLANG_WARN_ENUM_CONVERSION = YES;
				CLANG_WARN_INFINITE_RECURSION = YES;
				CLANG_WARN_INT_CONVERSION = YES;
				CLANG_WARN_NON_LITERAL_NULL_CONVERSION = YES;
				CLANG_WARN_OBJC_IMPLICIT_RETAIN_SELF = YES;
				CLANG_WARN_OBJC_LITERAL_CONVERSION = YES;
				CLANG_WARN_OBJC_ROOT_CLASS = YES_ERROR;
				CLANG_WARN_QUOTED_INCLUDE_IN_FRAMEWORK_HEADER = YES;
				CLANG_WARN_RANGE_LOOP_ANALYSIS = YES;
				CLANG_WARN_STRICT_PROTOTYPES = YES;
				CLANG_WARN_SUSPICIOUS_MOVE = YES;
				CLANG_WARN_UNGUARDED_AVAILABILITY = YES_AGGRESSIVE;
				CLANG_WARN_UNREACHABLE_CODE = YES;
				CLANG_WARN__DUPLICATE_METHOD_MATCH = YES;
				COPY_PHASE_STRIP = NO;
				DEBUG_INFORMATION_FORMAT = dwarf;
				ENABLE_STRICT_OBJC_MSGSEND = YES;
				ENABLE_TESTABILITY = YES;
				ENABLE_USER_SCRIPT_SANDBOXING = YES;
				GCC_C_LANGUAGE_STANDARD = gnu17;
				GCC_DYNAMIC_NO_PIC = NO;
				GCC_NO_COMMON_BLOCKS = YES;
				GCC_OPTIMIZATION_LEVEL = 0;
				GCC_PREPROCESSOR_DEFINITIONS = (
					"DEBUG=1",
					"$(inherited)",
				);
				GCC_WARN_64_TO_32_BIT_CONVERSION = YES;
				GCC_WARN_ABOUT_RETURN_TYPE = YES_ERROR;
				GCC_WARN_UNDECLARED_SELECTOR = YES;
				GCC_WARN_UNINITIALIZED_AUTOS = YES_AGGRESSIVE;
				GCC_WARN_UNUSED_FUNCTION = YES;
				GCC_WARN_UNUSED_VARIABLE = YES;
				IPHONEOS_DEPLOYMENT_TARGET = 17.0;
				LOCALIZATION_PREFERS_STRING_CATALOGS = YES;
				MTL_ENABLE_DEBUG_INFO = INCLUDE_SOURCE;
				MTL_FAST_MATH = YES;
				ONLY_ACTIVE_ARCH = YES;
				SDKROOT = iphoneos;
				SWIFT_ACTIVE_COMPILATION_CONDITIONS = "DEBUG $(inherited)";
				SWIFT_OPTIMIZATION_LEVEL = "-Onone";
			};
			name = Debug;
		};
		FAF172B52C4E1124009CD7F9 /* Release */ = {
			isa = XCBuildConfiguration;
			buildSettings = {
				ALWAYS_SEARCH_USER_PATHS = NO;
				ASSETCATALOG_COMPILER_GENERATE_SWIFT_ASSET_SYMBOL_EXTENSIONS = YES;
				CLANG_ANALYZER_NONNULL = YES;
				CLANG_ANALYZER_NUMBER_OBJECT_CONVERSION = YES_AGGRESSIVE;
				CLANG_CXX_LANGUAGE_STANDARD = "gnu++20";
				CLANG_ENABLE_MODULES = YES;
				CLANG_ENABLE_OBJC_ARC = YES;
				CLANG_ENABLE_OBJC_WEAK = YES;
				CLANG_WARN_BLOCK_CAPTURE_AUTORELEASING = YES;
				CLANG_WARN_BOOL_CONVERSION = YES;
				CLANG_WARN_COMMA = YES;
				CLANG_WARN_CONSTANT_CONVERSION = YES;
				CLANG_WARN_DEPRECATED_OBJC_IMPLEMENTATIONS = YES;
				CLANG_WARN_DIRECT_OBJC_ISA_USAGE = YES_ERROR;
				CLANG_WARN_DOCUMENTATION_COMMENTS = YES;
				CLANG_WARN_EMPTY_BODY = YES;
				CLANG_WARN_ENUM_CONVERSION = YES;
				CLANG_WARN_INFINITE_RECURSION = YES;
				CLANG_WARN_INT_CONVERSION = YES;
				CLANG_WARN_NON_LITERAL_NULL_CONVERSION = YES;
				CLANG_WARN_OBJC_IMPLICIT_RETAIN_SELF = YES;
				CLANG_WARN_OBJC_LITERAL_CONVERSION = YES;
				CLANG_WARN_OBJC_ROOT_CLASS = YES_ERROR;
				CLANG_WARN_QUOTED_INCLUDE_IN_FRAMEWORK_HEADER = YES;
				CLANG_WARN_RANGE_LOOP_ANALYSIS = YES;
				CLANG_WARN_STRICT_PROTOTYPES = YES;
				CLANG_WARN_SUSPICIOUS_MOVE = YES;
				CLANG_WARN_UNGUARDED_AVAILABILITY = YES_AGGRESSIVE;
				CLANG_WARN_UNREACHABLE_CODE = YES;
				CLANG_WARN__DUPLICATE_METHOD_MATCH = YES;
				COPY_PHASE_STRIP = NO;
				DEBUG_INFORMATION_FORMAT = "dwarf-with-dsym";
				ENABLE_NS_ASSERTIONS = NO;
				ENABLE_STRICT_OBJC_MSGSEND = YES;
				ENABLE_USER_SCRIPT_SANDBOXING = YES;
				GCC_C_LANGUAGE_STANDARD = gnu17;
				GCC_NO_COMMON_BLOCKS = YES;
				GCC_WARN_64_TO_32_BIT_CONVERSION = YES;
				GCC_WARN_ABOUT_RETURN_TYPE = YES_ERROR;
				GCC_WARN_UNDECLARED_SELECTOR = YES;
				GCC_WARN_UNINITIALIZED_AUTOS = YES_AGGRESSIVE;
				GCC_WARN_UNUSED_FUNCTION = YES;
				GCC_WARN_UNUSED_VARIABLE = YES;
				IPHONEOS_DEPLOYMENT_TARGET = 17.0;
				LOCALIZATION_PREFERS_STRING_CATALOGS = YES;
				MTL_ENABLE_DEBUG_INFO = NO;
				MTL_FAST_MATH = YES;
				SDKROOT = iphoneos;
				SWIFT_COMPILATION_MODE = wholemodule;
				VALIDATE_PRODUCT = YES;
			};
			name = Release;
		};
		FAF172B72C4E1124009CD7F9 /* Debug */ = {
			isa = XCBuildConfiguration;
			buildSettings = {
				ASSETCATALOG_COMPILER_APPICON_NAME = AppIcon;
				ASSETCATALOG_COMPILER_GLOBAL_ACCENT_COLOR_NAME = AccentColor;
				CODE_SIGN_STYLE = Automatic;
				CURRENT_PROJECT_VERSION = 1;
				DEVELOPMENT_ASSET_PATHS = "\"resizableTextView-SwiftUI/Preview Content\"";
				ENABLE_PREVIEWS = YES;
				GENERATE_INFOPLIST_FILE = YES;
				INFOPLIST_KEY_UIApplicationSceneManifest_Generation = YES;
				INFOPLIST_KEY_UIApplicationSupportsIndirectInputEvents = YES;
				INFOPLIST_KEY_UILaunchScreen_Generation = YES;
				INFOPLIST_KEY_UISupportedInterfaceOrientations_iPad = "UIInterfaceOrientationPortrait UIInterfaceOrientationPortraitUpsideDown UIInterfaceOrientationLandscapeLeft UIInterfaceOrientationLandscapeRight";
				INFOPLIST_KEY_UISupportedInterfaceOrientations_iPhone = "UIInterfaceOrientationPortrait UIInterfaceOrientationLandscapeLeft UIInterfaceOrientationLandscapeRight";
				IPHONEOS_DEPLOYMENT_TARGET = 15.0;
				LD_RUNPATH_SEARCH_PATHS = (
					"$(inherited)",
					"@executable_path/Frameworks",
				);
				MARKETING_VERSION = 1.0;
				PRODUCT_BUNDLE_IDENTIFIER = "Poldi.Sample-Comment";
				PRODUCT_NAME = "$(TARGET_NAME)";
				SWIFT_EMIT_LOC_STRINGS = YES;
				SWIFT_VERSION = 5.0;
				TARGETED_DEVICE_FAMILY = "1,2";
			};
			name = Debug;
		};
		FAF172B82C4E1124009CD7F9 /* Release */ = {
			isa = XCBuildConfiguration;
			buildSettings = {
				ASSETCATALOG_COMPILER_APPICON_NAME = AppIcon;
				ASSETCATALOG_COMPILER_GLOBAL_ACCENT_COLOR_NAME = AccentColor;
				CODE_SIGN_STYLE = Automatic;
				CURRENT_PROJECT_VERSION = 1;
				DEVELOPMENT_ASSET_PATHS = "\"resizableTextView-SwiftUI/Preview Content\"";
				ENABLE_PREVIEWS = YES;
				GENERATE_INFOPLIST_FILE = YES;
				INFOPLIST_KEY_UIApplicationSceneManifest_Generation = YES;
				INFOPLIST_KEY_UIApplicationSupportsIndirectInputEvents = YES;
				INFOPLIST_KEY_UILaunchScreen_Generation = YES;
				INFOPLIST_KEY_UISupportedInterfaceOrientations_iPad = "UIInterfaceOrientationPortrait UIInterfaceOrientationPortraitUpsideDown UIInterfaceOrientationLandscapeLeft UIInterfaceOrientationLandscapeRight";
				INFOPLIST_KEY_UISupportedInterfaceOrientations_iPhone = "UIInterfaceOrientationPortrait UIInterfaceOrientationLandscapeLeft UIInterfaceOrientationLandscapeRight";
				IPHONEOS_DEPLOYMENT_TARGET = 15.0;
				LD_RUNPATH_SEARCH_PATHS = (
					"$(inherited)",
					"@executable_path/Frameworks",
				);
				MARKETING_VERSION = 1.0;
				PRODUCT_BUNDLE_IDENTIFIER = "Poldi.Sample-Comment";
				PRODUCT_NAME = "$(TARGET_NAME)";
				SWIFT_EMIT_LOC_STRINGS = YES;
				SWIFT_VERSION = 5.0;
				TARGETED_DEVICE_FAMILY = "1,2";
			};
			name = Release;
		};
		FAF172BA2C4E1124009CD7F9 /* Debug */ = {
			isa = XCBuildConfiguration;
			buildSettings = {
				ALWAYS_EMBED_SWIFT_STANDARD_LIBRARIES = YES;
				BUNDLE_LOADER = "$(TEST_HOST)";
				CODE_SIGN_STYLE = Automatic;
				CURRENT_PROJECT_VERSION = 1;
				GENERATE_INFOPLIST_FILE = YES;
				IPHONEOS_DEPLOYMENT_TARGET = 17.0;
				MARKETING_VERSION = 1.0;
				PRODUCT_BUNDLE_IDENTIFIER = "Poldi.Sample-CommentTests";
				PRODUCT_NAME = "$(TARGET_NAME)";
				SWIFT_EMIT_LOC_STRINGS = NO;
				SWIFT_VERSION = 5.0;
				TARGETED_DEVICE_FAMILY = "1,2";
				TEST_HOST = "$(BUILT_PRODUCTS_DIR)/resizableTextView-SwiftUI.app/$(BUNDLE_EXECUTABLE_FOLDER_PATH)/resizableTextView-SwiftUI";
			};
			name = Debug;
		};
		FAF172BB2C4E1124009CD7F9 /* Release */ = {
			isa = XCBuildConfiguration;
			buildSettings = {
				ALWAYS_EMBED_SWIFT_STANDARD_LIBRARIES = YES;
				BUNDLE_LOADER = "$(TEST_HOST)";
				CODE_SIGN_STYLE = Automatic;
				CURRENT_PROJECT_VERSION = 1;
				GENERATE_INFOPLIST_FILE = YES;
				IPHONEOS_DEPLOYMENT_TARGET = 17.0;
				MARKETING_VERSION = 1.0;
				PRODUCT_BUNDLE_IDENTIFIER = "Poldi.Sample-CommentTests";
				PRODUCT_NAME = "$(TARGET_NAME)";
				SWIFT_EMIT_LOC_STRINGS = NO;
				SWIFT_VERSION = 5.0;
				TARGETED_DEVICE_FAMILY = "1,2";
				TEST_HOST = "$(BUILT_PRODUCTS_DIR)/resizableTextView-SwiftUI.app/$(BUNDLE_EXECUTABLE_FOLDER_PATH)/resizableTextView-SwiftUI";
			};
			name = Release;
		};
		FAF172BD2C4E1124009CD7F9 /* Debug */ = {
			isa = XCBuildConfiguration;
			buildSettings = {
				ALWAYS_EMBED_SWIFT_STANDARD_LIBRARIES = YES;
				CODE_SIGN_STYLE = Automatic;
				CURRENT_PROJECT_VERSION = 1;
				GENERATE_INFOPLIST_FILE = YES;
				MARKETING_VERSION = 1.0;
				PRODUCT_BUNDLE_IDENTIFIER = "Poldi.Sample-CommentUITests";
				PRODUCT_NAME = "$(TARGET_NAME)";
				SWIFT_EMIT_LOC_STRINGS = NO;
				SWIFT_VERSION = 5.0;
				TARGETED_DEVICE_FAMILY = "1,2";
				TEST_TARGET_NAME = Sample_Comment;
			};
			name = Debug;
		};
		FAF172BE2C4E1124009CD7F9 /* Release */ = {
			isa = XCBuildConfiguration;
			buildSettings = {
				ALWAYS_EMBED_SWIFT_STANDARD_LIBRARIES = YES;
				CODE_SIGN_STYLE = Automatic;
				CURRENT_PROJECT_VERSION = 1;
				GENERATE_INFOPLIST_FILE = YES;
				MARKETING_VERSION = 1.0;
				PRODUCT_BUNDLE_IDENTIFIER = "Poldi.Sample-CommentUITests";
				PRODUCT_NAME = "$(TARGET_NAME)";
				SWIFT_EMIT_LOC_STRINGS = NO;
				SWIFT_VERSION = 5.0;
				TARGETED_DEVICE_FAMILY = "1,2";
				TEST_TARGET_NAME = Sample_Comment;
			};
			name = Release;
		};
/* End XCBuildConfiguration section */

/* Begin XCConfigurationList section */
		FAF1728D2C4E1121009CD7F9 /* Build configuration list for PBXProject "resizableTextView-SwiftUI" */ = {
			isa = XCConfigurationList;
			buildConfigurations = (
				FAF172B42C4E1124009CD7F9 /* Debug */,
				FAF172B52C4E1124009CD7F9 /* Release */,
			);
			defaultConfigurationIsVisible = 0;
			defaultConfigurationName = Release;
		};
		FAF172B62C4E1124009CD7F9 /* Build configuration list for PBXNativeTarget "resizableTextView-SwiftUI" */ = {
			isa = XCConfigurationList;
			buildConfigurations = (
				FAF172B72C4E1124009CD7F9 /* Debug */,
				FAF172B82C4E1124009CD7F9 /* Release */,
			);
			defaultConfigurationIsVisible = 0;
			defaultConfigurationName = Release;
		};
		FAF172B92C4E1124009CD7F9 /* Build configuration list for PBXNativeTarget "resizableTextView-SwiftUITests" */ = {
			isa = XCConfigurationList;
			buildConfigurations = (
				FAF172BA2C4E1124009CD7F9 /* Debug */,
				FAF172BB2C4E1124009CD7F9 /* Release */,
			);
			defaultConfigurationIsVisible = 0;
			defaultConfigurationName = Release;
		};
		FAF172BC2C4E1124009CD7F9 /* Build configuration list for PBXNativeTarget "resizableTextView-SwiftUIUITests" */ = {
			isa = XCConfigurationList;
			buildConfigurations = (
				FAF172BD2C4E1124009CD7F9 /* Debug */,
				FAF172BE2C4E1124009CD7F9 /* Release */,
			);
			defaultConfigurationIsVisible = 0;
			defaultConfigurationName = Release;
		};
/* End XCConfigurationList section */
	};
	rootObject = FAF1728A2C4E1121009CD7F9 /* Project object */;
}
